PODS:
  - Alamofire (4.5.1)
  - SwiftyBeaver (1.4.3)
  - SwiftyJSON (4.0.0)

DEPENDENCIES:
  - Alamofire (~> 4.5)
  - SwiftyBeaver
  - SwiftyJSON

SPEC CHECKSUMS:
  Alamofire: 2d95912bf4c34f164fdfc335872e8c312acaea4a
  SwiftyBeaver: e10b1668e0512229c36c34769b97eed3dfae2ca3
  SwiftyJSON: 070dabdcb1beb81b247c65ffa3a79dbbfb3b48aa

PODFILE CHECKSUM: a3b837b710ae3c2653cb1b58d6212bb83f120603

COCOAPODS: 1.2.0
